
Microsoft Visual Studio Solution File, Format Version 12.00
# Visual Studio 15
VisualStudioVersion = 15.0.28307.539
MinimumVisualStudioVersion = 10.0.40219.1
Project("{FAE04EC0-301F-11D3-BF4B-00C04F79EFBC}") = "Bad Superbowl Namer", "Bad Superbowl Namer\Bad Superbowl Namer.csproj", "{BDE747AF-0ED3-432E-A218-62DA30885DCB}"
EndProject
Global
	GlobalSection(SolutionConfigurationPlatforms) = preSolution
		Debug|Any CPU = Debug|Any CPU
		Release|Any CPU = Release|Any CPU
	EndGlobalSection
	GlobalSection(ProjectConfigurationPlatforms) = postSolution
		{BDE747AF-0ED3-432E-A218-62DA30885DCB}.Debug|Any CPU.ActiveCfg = Debug|Any CPU
		{BDE747AF-0ED3-432E-A218-62DA30885DCB}.Debug|Any CPU.Build.0 = Debug|Any CPU
		{BDE747AF-0ED3-432E-A218-62DA30885DCB}.Release|Any CPU.ActiveCfg = Release|Any CPU
		{BDE747AF-0ED3-432E-A218-62DA30885DCB}.Release|Any CPU.Build.0 = Release|Any CPU
	EndGlobalSection
	GlobalSection(SolutionProperties) = preSolution
		HideSolutionNode = FALSE
	EndGlobalSection
	GlobalSection(ExtensibilityGlobals) = postSolution
		SolutionGuid = {82B6596D-0720-4274-A4A5-20D55B09C3DE}
	EndGlobalSection
EndGlobal
